
Microsoft Visual Studio Solution File, Format Version 12.00
# Visual Studio Version 16
VisualStudioVersion = 16.0.31410.357
MinimumVisualStudioVersion = 10.0.40219.1
Project("{8BC9CEB8-8B4A-11D0-8D11-00A0C91BC942}") = "2014-December-Gold-1", "Gold\2014 December\2014-December-Gold-1\2014-December-Gold-1.vcxproj", "{DCB03A9F-6082-4C2F-93BE-DE1DEED48756}"
EndProject
Project("{8BC9CEB8-8B4A-11D0-8D11-00A0C91BC942}") = "2015-January-Silver-1", "Silver\2015 January\2015-January-Silver-1\2015-January-Silver-1.vcxproj", "{259EC514-78DF-410A-BC8F-37A24396F59B}"
EndProject
Project("{8BC9CEB8-8B4A-11D0-8D11-00A0C91BC942}") = "2015-January-Silver-2", "Silver\2015 January\2015-January-Silver-2\2015-January-Silver-2.vcxproj", "{9F31E6C5-D740-4319-A1BE-AC98C4EDA470}"
EndProject
Project("{8BC9CEB8-8B4A-11D0-8D11-00A0C91BC942}") = "2019-December-Silver-1", "Silver\2019 December\2019-December-Silver-1\2019-December-Silver-1.vcxproj", "{7B5BF8FF-11F2-4A54-B257-23AB80E7FDE9}"
EndProject
Project("{8BC9CEB8-8B4A-11D0-8D11-00A0C91BC942}") = "2019-December-Silver-2", "Silver\2019 December\2019-December-Silver-2\2019-December-Silver-2.vcxproj", "{A7C3445E-2EC2-42BF-A167-DA9D7DED7066}"
EndProject
Project("{8BC9CEB8-8B4A-11D0-8D11-00A0C91BC942}") = "2019-December-Silver-3", "Silver\2019 December\2019-December-Silver-3\2019-December-Silver-3.vcxproj", "{E296B884-991D-430F-9866-E12291B37960}"
EndProject
Project("{8BC9CEB8-8B4A-11D0-8D11-00A0C91BC942}") = "2020-January-Silver-1", "Silver\2020 January\2020-January-Silver-1\2020-January-Silver-1.vcxproj", "{CF245805-873A-4333-89D8-4639585174CC}"
EndProject
Project("{8BC9CEB8-8B4A-11D0-8D11-00A0C91BC942}") = "2020-January-Silver-2", "Silver\2020 January\2020-January-Silver-2\2020-January-Silver-2.vcxproj", "{7DA59038-B1EE-4BC2-9188-F2367D5EBA1C}"
EndProject
Project("{8BC9CEB8-8B4A-11D0-8D11-00A0C91BC942}") = "2020-January-Silver-3", "Silver\2020 January\2020-January-Silver-3\2020-January-Silver-3.vcxproj", "{F692830B-2CBB-4BFD-9660-C92AAF153CDF}"
EndProject
Project("{8BC9CEB8-8B4A-11D0-8D11-00A0C91BC942}") = "2021-December-Silver-1", "Silver\2021 December\2021-December-Silver-1\2021-December-Silver-1.vcxproj", "{9EE70B4C-2248-497F-B6D6-BF146A85AE46}"
EndProject
Project("{8BC9CEB8-8B4A-11D0-8D11-00A0C91BC942}") = "2021-December-Silver-2", "Silver\2021 December\2021-December-Silver-2\2021-December-Silver-2.vcxproj", "{3CF30BA2-F695-40A1-9573-73BCABC0E568}"
EndProject
Project("{8BC9CEB8-8B4A-11D0-8D11-00A0C91BC942}") = "2021-December-Silver-3", "Silver\2021 December\2021-December-Silver-3\2021-December-Silver-3.vcxproj", "{5C5C358C-F448-4D74-8381-360EB8F9496F}"
EndProject
Project("{8BC9CEB8-8B4A-11D0-8D11-00A0C91BC942}") = "2021-December-Silver-1b", "Silver\2021 December\2021-December-Silver-1b\2021-December-Silver-1b.vcxproj", "{498CF144-37AC-4D12-AD38-C96E542023B9}"
EndProject
Project("{8BC9CEB8-8B4A-11D0-8D11-00A0C91BC942}") = "2021-December-Bronze-2", "Bronze\2021 December\2021-December-Bronze-2\2021-December-Bronze-2.vcxproj", "{2C559C07-81D9-4ABA-B552-0A0E283AB8D1}"
EndProject
Project("{8BC9CEB8-8B4A-11D0-8D11-00A0C91BC942}") = "2021-December-Bronze-3", "Bronze\2021 December\2021-December-Bronze-3\2021-December-Bronze-3.vcxproj", "{2232838D-9C09-43C8-BFB4-983081C9BAC1}"
EndProject
Project("{8BC9CEB8-8B4A-11D0-8D11-00A0C91BC942}") = "2021-December-Bronze-1", "Bronze\2021 December\2021-December-Bronze-1\2021-December-Bronze-1.vcxproj", "{A8D54E91-C42C-4616-BC8D-FCD1C8C604B7}"
EndProject
Project("{8BC9CEB8-8B4A-11D0-8D11-00A0C91BC942}") = "2021-USOpen-Bronze-1", "Bronze\2021 US Open\2021-USOpen-Bronze-1\2021-USOpen-Bronze-1.vcxproj", "{A4FC2CE3-C511-48F0-AEF0-BACA033D49E2}"
EndProject
Project("{8BC9CEB8-8B4A-11D0-8D11-00A0C91BC942}") = "2021-USOpen-Bronze-2", "Bronze\2021 US Open\2021-USOpen-Bronze-2\2021-USOpen-Bronze-2.vcxproj", "{4C9BACAD-AF5F-40AD-8E4D-D7CD8CF928D7}"
EndProject
Project("{8BC9CEB8-8B4A-11D0-8D11-00A0C91BC942}") = "2021-USOpen-Bronze-3", "Bronze\2021 US Open\2021-USOpen-Bronze-3\2021-USOpen-Bronze-3.vcxproj", "{1FD3534B-9968-40F1-9F0D-87C633DE9E4B}"
EndProject
Project("{2150E333-8FDC-42A3-9474-1A3956D46DE8}") = "Silver", "Silver", "{E0670449-196B-4EA7-BF06-FEA9E029FD2E}"
EndProject
Project("{2150E333-8FDC-42A3-9474-1A3956D46DE8}") = "Bronze", "Bronze", "{B021BE86-3E46-44D6-B780-758ECD0A3E74}"
EndProject
Project("{2150E333-8FDC-42A3-9474-1A3956D46DE8}") = "Gold", "Gold", "{AA56E120-6A38-4739-A608-42860A7DE8D5}"
EndProject
Project("{2150E333-8FDC-42A3-9474-1A3956D46DE8}") = "2021 December", "2021 December", "{386051C6-D4CA-4BFE-9E95-046377213B57}"
EndProject
Project("{2150E333-8FDC-42A3-9474-1A3956D46DE8}") = "2021 US Open", "2021 US Open", "{1F17B87E-E5F1-4DBD-8B1D-50077B477E8C}"
EndProject
Project("{2150E333-8FDC-42A3-9474-1A3956D46DE8}") = "2014 December", "2014 December", "{472AFF9B-7F22-4186-A6F5-E9774F0FAEC2}"
EndProject
Project("{2150E333-8FDC-42A3-9474-1A3956D46DE8}") = "2014 December", "2014 December", "{A91F4AF0-EEAC-4932-BC69-4C0EA91FE204}"
EndProject
Project("{2150E333-8FDC-42A3-9474-1A3956D46DE8}") = "2015 January", "2015 January", "{6180E1B9-4347-4508-942E-7240BAF0DB83}"
EndProject
Project("{2150E333-8FDC-42A3-9474-1A3956D46DE8}") = "2019 December", "2019 December", "{40078673-9907-4886-9E80-D4C45BA964CC}"
EndProject
Project("{2150E333-8FDC-42A3-9474-1A3956D46DE8}") = "2020 January", "2020 January", "{77E27C67-B9E7-466C-9CC5-691678E0C479}"
EndProject
Project("{2150E333-8FDC-42A3-9474-1A3956D46DE8}") = "2021 December", "2021 December", "{AA0D7794-99EB-4E51-8FA4-C73FD14D4DFF}"
EndProject
Project("{2150E333-8FDC-42A3-9474-1A3956D46DE8}") = "2021 February", "2021 February", "{C8FF1701-3D85-454D-8D0E-FAE75EF2C097}"
EndProject
Project("{8BC9CEB8-8B4A-11D0-8D11-00A0C91BC942}") = "2021-February-Bronze-1", "Bronze\2021 February\2021-February-Bronze-1\2021-February-Bronze-1.vcxproj", "{355874E5-BC18-4EC8-B3B5-824CC94313ED}"
EndProject
Project("{8BC9CEB8-8B4A-11D0-8D11-00A0C91BC942}") = "2014-December-Silver-2", "Silver\2014 December\2014-December-Silver-2\2014-December-Silver-2.vcxproj", "{C8EA7228-D898-4600-ACA9-9DBFB53455B8}"
EndProject
Project("{8BC9CEB8-8B4A-11D0-8D11-00A0C91BC942}") = "2014-December-Silver-3", "Silver\2014 December\2014-December-Silver-3\2014-December-Silver-3.vcxproj", "{F2E9C8EB-C53C-4F52-A96E-490C827E8B3C}"
EndProject
Project("{8BC9CEB8-8B4A-11D0-8D11-00A0C91BC942}") = "2021-February-Bronze-2", "Bronze\2021 February\2021-February-Bronze-2\2021-February-Bronze-2.vcxproj", "{228BC1DD-B09C-427D-8EBD-5B9CDA8242FB}"
EndProject
Project("{8BC9CEB8-8B4A-11D0-8D11-00A0C91BC942}") = "Library", "Resources\Libraries\Library\Library.vcxproj", "{1BBE3158-0CB7-4DE3-B0CA-118C77F0CC10}"
EndProject
Project("{8BC9CEB8-8B4A-11D0-8D11-00A0C91BC942}") = "Header", "Resources\Header\Header.vcxproj", "{336DFE2B-1015-4B3B-8EDD-E04400BDE0B8}"
EndProject
Project("{2150E333-8FDC-42A3-9474-1A3956D46DE8}") = "Resources", "Resources", "{D2EF0398-8D26-4C62-8189-0D4F264F1DA6}"
EndProject
Project("{2150E333-8FDC-42A3-9474-1A3956D46DE8}") = "Libraries", "Libraries", "{D1B19279-9294-4C4F-8DCD-921BC014334F}"
EndProject
Project("{8BC9CEB8-8B4A-11D0-8D11-00A0C91BC942}") = "2021-February-Bronze-3", "Bronze\2021 February\2021-February-Bronze-3\2021-February-Bronze-3.vcxproj", "{75E57C4B-32D6-4B8D-AF1B-8ACB98F60606}"
EndProject
Project("{2150E333-8FDC-42A3-9474-1A3956D46DE8}") = "2021 January", "2021 January", "{B5B479E6-EE95-4A41-979D-B20AF224D85B}"
EndProject
Project("{8BC9CEB8-8B4A-11D0-8D11-00A0C91BC942}") = "2021-January-Bronze-1", "Bronze\2021 January\2021-January-Bronze-1\2021-January-Bronze-1.vcxproj", "{CCA88E1E-ACEE-402E-8A87-7027326F6CD1}"
EndProject
Project("{8BC9CEB8-8B4A-11D0-8D11-00A0C91BC942}") = "2021-January-Bronze-2", "Bronze\2021 January\2021-January-Bronze-2\2021-January-Bronze-2.vcxproj", "{ADDFB50C-E068-4F72-BEF2-B0F2F8F51FB6}"
EndProject
Global
	GlobalSection(SolutionConfigurationPlatforms) = preSolution
		Debug|x64 = Debug|x64
		Debug|x86 = Debug|x86
		Release|x64 = Release|x64
		Release|x86 = Release|x86
	EndGlobalSection
	GlobalSection(ProjectConfigurationPlatforms) = postSolution
		{DCB03A9F-6082-4C2F-93BE-DE1DEED48756}.Debug|x64.ActiveCfg = Debug|x64
		{DCB03A9F-6082-4C2F-93BE-DE1DEED48756}.Debug|x64.Build.0 = Debug|x64
		{DCB03A9F-6082-4C2F-93BE-DE1DEED48756}.Debug|x86.ActiveCfg = Debug|Win32
		{DCB03A9F-6082-4C2F-93BE-DE1DEED48756}.Debug|x86.Build.0 = Debug|Win32
		{DCB03A9F-6082-4C2F-93BE-DE1DEED48756}.Release|x64.ActiveCfg = Release|x64
		{DCB03A9F-6082-4C2F-93BE-DE1DEED48756}.Release|x64.Build.0 = Release|x64
		{DCB03A9F-6082-4C2F-93BE-DE1DEED48756}.Release|x86.ActiveCfg = Release|Win32
		{DCB03A9F-6082-4C2F-93BE-DE1DEED48756}.Release|x86.Build.0 = Release|Win32
		{259EC514-78DF-410A-BC8F-37A24396F59B}.Debug|x64.ActiveCfg = Debug|x64
		{259EC514-78DF-410A-BC8F-37A24396F59B}.Debug|x64.Build.0 = Debug|x64
		{259EC514-78DF-410A-BC8F-37A24396F59B}.Debug|x86.ActiveCfg = Debug|Win32
		{259EC514-78DF-410A-BC8F-37A24396F59B}.Debug|x86.Build.0 = Debug|Win32
		{259EC514-78DF-410A-BC8F-37A24396F59B}.Release|x64.ActiveCfg = Release|x64
		{259EC514-78DF-410A-BC8F-37A24396F59B}.Release|x64.Build.0 = Release|x64
		{259EC514-78DF-410A-BC8F-37A24396F59B}.Release|x86.ActiveCfg = Release|Win32
		{259EC514-78DF-410A-BC8F-37A24396F59B}.Release|x86.Build.0 = Release|Win32
		{9F31E6C5-D740-4319-A1BE-AC98C4EDA470}.Debug|x64.ActiveCfg = Debug|x64
		{9F31E6C5-D740-4319-A1BE-AC98C4EDA470}.Debug|x64.Build.0 = Debug|x64
		{9F31E6C5-D740-4319-A1BE-AC98C4EDA470}.Debug|x86.ActiveCfg = Debug|Win32
		{9F31E6C5-D740-4319-A1BE-AC98C4EDA470}.Debug|x86.Build.0 = Debug|Win32
		{9F31E6C5-D740-4319-A1BE-AC98C4EDA470}.Release|x64.ActiveCfg = Release|x64
		{9F31E6C5-D740-4319-A1BE-AC98C4EDA470}.Release|x64.Build.0 = Release|x64
		{9F31E6C5-D740-4319-A1BE-AC98C4EDA470}.Release|x86.ActiveCfg = Release|Win32
		{9F31E6C5-D740-4319-A1BE-AC98C4EDA470}.Release|x86.Build.0 = Release|Win32
		{7B5BF8FF-11F2-4A54-B257-23AB80E7FDE9}.Debug|x64.ActiveCfg = Debug|x64
		{7B5BF8FF-11F2-4A54-B257-23AB80E7FDE9}.Debug|x64.Build.0 = Debug|x64
		{7B5BF8FF-11F2-4A54-B257-23AB80E7FDE9}.Debug|x86.ActiveCfg = Debug|Win32
		{7B5BF8FF-11F2-4A54-B257-23AB80E7FDE9}.Debug|x86.Build.0 = Debug|Win32
		{7B5BF8FF-11F2-4A54-B257-23AB80E7FDE9}.Release|x64.ActiveCfg = Release|x64
		{7B5BF8FF-11F2-4A54-B257-23AB80E7FDE9}.Release|x64.Build.0 = Release|x64
		{7B5BF8FF-11F2-4A54-B257-23AB80E7FDE9}.Release|x86.ActiveCfg = Release|Win32
		{7B5BF8FF-11F2-4A54-B257-23AB80E7FDE9}.Release|x86.Build.0 = Release|Win32
		{A7C3445E-2EC2-42BF-A167-DA9D7DED7066}.Debug|x64.ActiveCfg = Debug|x64
		{A7C3445E-2EC2-42BF-A167-DA9D7DED7066}.Debug|x64.Build.0 = Debug|x64
		{A7C3445E-2EC2-42BF-A167-DA9D7DED7066}.Debug|x86.ActiveCfg = Debug|Win32
		{A7C3445E-2EC2-42BF-A167-DA9D7DED7066}.Debug|x86.Build.0 = Debug|Win32
		{A7C3445E-2EC2-42BF-A167-DA9D7DED7066}.Release|x64.ActiveCfg = Release|x64
		{A7C3445E-2EC2-42BF-A167-DA9D7DED7066}.Release|x64.Build.0 = Release|x64
		{A7C3445E-2EC2-42BF-A167-DA9D7DED7066}.Release|x86.ActiveCfg = Release|Win32
		{A7C3445E-2EC2-42BF-A167-DA9D7DED7066}.Release|x86.Build.0 = Release|Win32
		{E296B884-991D-430F-9866-E12291B37960}.Debug|x64.ActiveCfg = Debug|x64
		{E296B884-991D-430F-9866-E12291B37960}.Debug|x64.Build.0 = Debug|x64
		{E296B884-991D-430F-9866-E12291B37960}.Debug|x86.ActiveCfg = Debug|Win32
		{E296B884-991D-430F-9866-E12291B37960}.Debug|x86.Build.0 = Debug|Win32
		{E296B884-991D-430F-9866-E12291B37960}.Release|x64.ActiveCfg = Release|x64
		{E296B884-991D-430F-9866-E12291B37960}.Release|x64.Build.0 = Release|x64
		{E296B884-991D-430F-9866-E12291B37960}.Release|x86.ActiveCfg = Release|Win32
		{E296B884-991D-430F-9866-E12291B37960}.Release|x86.Build.0 = Release|Win32
		{CF245805-873A-4333-89D8-4639585174CC}.Debug|x64.ActiveCfg = Debug|x64
		{CF245805-873A-4333-89D8-4639585174CC}.Debug|x64.Build.0 = Debug|x64
		{CF245805-873A-4333-89D8-4639585174CC}.Debug|x86.ActiveCfg = Debug|Win32
		{CF245805-873A-4333-89D8-4639585174CC}.Debug|x86.Build.0 = Debug|Win32
		{CF245805-873A-4333-89D8-4639585174CC}.Release|x64.ActiveCfg = Release|x64
		{CF245805-873A-4333-89D8-4639585174CC}.Release|x64.Build.0 = Release|x64
		{CF245805-873A-4333-89D8-4639585174CC}.Release|x86.ActiveCfg = Release|Win32
		{CF245805-873A-4333-89D8-4639585174CC}.Release|x86.Build.0 = Release|Win32
		{7DA59038-B1EE-4BC2-9188-F2367D5EBA1C}.Debug|x64.ActiveCfg = Debug|x64
		{7DA59038-B1EE-4BC2-9188-F2367D5EBA1C}.Debug|x64.Build.0 = Debug|x64
		{7DA59038-B1EE-4BC2-9188-F2367D5EBA1C}.Debug|x86.ActiveCfg = Debug|Win32
		{7DA59038-B1EE-4BC2-9188-F2367D5EBA1C}.Debug|x86.Build.0 = Debug|Win32
		{7DA59038-B1EE-4BC2-9188-F2367D5EBA1C}.Release|x64.ActiveCfg = Release|x64
		{7DA59038-B1EE-4BC2-9188-F2367D5EBA1C}.Release|x64.Build.0 = Release|x64
		{7DA59038-B1EE-4BC2-9188-F2367D5EBA1C}.Release|x86.ActiveCfg = Release|Win32
		{7DA59038-B1EE-4BC2-9188-F2367D5EBA1C}.Release|x86.Build.0 = Release|Win32
		{F692830B-2CBB-4BFD-9660-C92AAF153CDF}.Debug|x64.ActiveCfg = Debug|x64
		{F692830B-2CBB-4BFD-9660-C92AAF153CDF}.Debug|x64.Build.0 = Debug|x64
		{F692830B-2CBB-4BFD-9660-C92AAF153CDF}.Debug|x86.ActiveCfg = Debug|Win32
		{F692830B-2CBB-4BFD-9660-C92AAF153CDF}.Debug|x86.Build.0 = Debug|Win32
		{F692830B-2CBB-4BFD-9660-C92AAF153CDF}.Release|x64.ActiveCfg = Release|x64
		{F692830B-2CBB-4BFD-9660-C92AAF153CDF}.Release|x64.Build.0 = Release|x64
		{F692830B-2CBB-4BFD-9660-C92AAF153CDF}.Release|x86.ActiveCfg = Release|Win32
		{F692830B-2CBB-4BFD-9660-C92AAF153CDF}.Release|x86.Build.0 = Release|Win32
		{9EE70B4C-2248-497F-B6D6-BF146A85AE46}.Debug|x64.ActiveCfg = Debug|x64
		{9EE70B4C-2248-497F-B6D6-BF146A85AE46}.Debug|x64.Build.0 = Debug|x64
		{9EE70B4C-2248-497F-B6D6-BF146A85AE46}.Debug|x86.ActiveCfg = Debug|Win32
		{9EE70B4C-2248-497F-B6D6-BF146A85AE46}.Debug|x86.Build.0 = Debug|Win32
		{9EE70B4C-2248-497F-B6D6-BF146A85AE46}.Release|x64.ActiveCfg = Release|x64
		{9EE70B4C-2248-497F-B6D6-BF146A85AE46}.Release|x64.Build.0 = Release|x64
		{9EE70B4C-2248-497F-B6D6-BF146A85AE46}.Release|x86.ActiveCfg = Release|Win32
		{9EE70B4C-2248-497F-B6D6-BF146A85AE46}.Release|x86.Build.0 = Release|Win32
		{3CF30BA2-F695-40A1-9573-73BCABC0E568}.Debug|x64.ActiveCfg = Debug|x64
		{3CF30BA2-F695-40A1-9573-73BCABC0E568}.Debug|x64.Build.0 = Debug|x64
		{3CF30BA2-F695-40A1-9573-73BCABC0E568}.Debug|x86.ActiveCfg = Debug|Win32
		{3CF30BA2-F695-40A1-9573-73BCABC0E568}.Debug|x86.Build.0 = Debug|Win32
		{3CF30BA2-F695-40A1-9573-73BCABC0E568}.Release|x64.ActiveCfg = Release|x64
		{3CF30BA2-F695-40A1-9573-73BCABC0E568}.Release|x64.Build.0 = Release|x64
		{3CF30BA2-F695-40A1-9573-73BCABC0E568}.Release|x86.ActiveCfg = Release|Win32
		{3CF30BA2-F695-40A1-9573-73BCABC0E568}.Release|x86.Build.0 = Release|Win32
		{5C5C358C-F448-4D74-8381-360EB8F9496F}.Debug|x64.ActiveCfg = Debug|x64
		{5C5C358C-F448-4D74-8381-360EB8F9496F}.Debug|x64.Build.0 = Debug|x64
		{5C5C358C-F448-4D74-8381-360EB8F9496F}.Debug|x86.ActiveCfg = Debug|Win32
		{5C5C358C-F448-4D74-8381-360EB8F9496F}.Debug|x86.Build.0 = Debug|Win32
		{5C5C358C-F448-4D74-8381-360EB8F9496F}.Release|x64.ActiveCfg = Release|x64
		{5C5C358C-F448-4D74-8381-360EB8F9496F}.Release|x64.Build.0 = Release|x64
		{5C5C358C-F448-4D74-8381-360EB8F9496F}.Release|x86.ActiveCfg = Release|Win32
		{5C5C358C-F448-4D74-8381-360EB8F9496F}.Release|x86.Build.0 = Release|Win32
		{498CF144-37AC-4D12-AD38-C96E542023B9}.Debug|x64.ActiveCfg = Debug|x64
		{498CF144-37AC-4D12-AD38-C96E542023B9}.Debug|x64.Build.0 = Debug|x64
		{498CF144-37AC-4D12-AD38-C96E542023B9}.Debug|x86.ActiveCfg = Debug|Win32
		{498CF144-37AC-4D12-AD38-C96E542023B9}.Debug|x86.Build.0 = Debug|Win32
		{498CF144-37AC-4D12-AD38-C96E542023B9}.Release|x64.ActiveCfg = Release|x64
		{498CF144-37AC-4D12-AD38-C96E542023B9}.Release|x64.Build.0 = Release|x64
		{498CF144-37AC-4D12-AD38-C96E542023B9}.Release|x86.ActiveCfg = Release|Win32
		{498CF144-37AC-4D12-AD38-C96E542023B9}.Release|x86.Build.0 = Release|Win32
		{2C559C07-81D9-4ABA-B552-0A0E283AB8D1}.Debug|x64.ActiveCfg = Debug|x64
		{2C559C07-81D9-4ABA-B552-0A0E283AB8D1}.Debug|x64.Build.0 = Debug|x64
		{2C559C07-81D9-4ABA-B552-0A0E283AB8D1}.Debug|x86.ActiveCfg = Debug|Win32
		{2C559C07-81D9-4ABA-B552-0A0E283AB8D1}.Debug|x86.Build.0 = Debug|Win32
		{2C559C07-81D9-4ABA-B552-0A0E283AB8D1}.Release|x64.ActiveCfg = Release|x64
		{2C559C07-81D9-4ABA-B552-0A0E283AB8D1}.Release|x64.Build.0 = Release|x64
		{2C559C07-81D9-4ABA-B552-0A0E283AB8D1}.Release|x86.ActiveCfg = Release|Win32
		{2C559C07-81D9-4ABA-B552-0A0E283AB8D1}.Release|x86.Build.0 = Release|Win32
		{2232838D-9C09-43C8-BFB4-983081C9BAC1}.Debug|x64.ActiveCfg = Debug|x64
		{2232838D-9C09-43C8-BFB4-983081C9BAC1}.Debug|x64.Build.0 = Debug|x64
		{2232838D-9C09-43C8-BFB4-983081C9BAC1}.Debug|x86.ActiveCfg = Debug|Win32
		{2232838D-9C09-43C8-BFB4-983081C9BAC1}.Debug|x86.Build.0 = Debug|Win32
		{2232838D-9C09-43C8-BFB4-983081C9BAC1}.Release|x64.ActiveCfg = Release|x64
		{2232838D-9C09-43C8-BFB4-983081C9BAC1}.Release|x64.Build.0 = Release|x64
		{2232838D-9C09-43C8-BFB4-983081C9BAC1}.Release|x86.ActiveCfg = Release|Win32
		{2232838D-9C09-43C8-BFB4-983081C9BAC1}.Release|x86.Build.0 = Release|Win32
		{A8D54E91-C42C-4616-BC8D-FCD1C8C604B7}.Debug|x64.ActiveCfg = Debug|x64
		{A8D54E91-C42C-4616-BC8D-FCD1C8C604B7}.Debug|x64.Build.0 = Debug|x64
		{A8D54E91-C42C-4616-BC8D-FCD1C8C604B7}.Debug|x86.ActiveCfg = Debug|Win32
		{A8D54E91-C42C-4616-BC8D-FCD1C8C604B7}.Debug|x86.Build.0 = Debug|Win32
		{A8D54E91-C42C-4616-BC8D-FCD1C8C604B7}.Release|x64.ActiveCfg = Release|x64
		{A8D54E91-C42C-4616-BC8D-FCD1C8C604B7}.Release|x64.Build.0 = Release|x64
		{A8D54E91-C42C-4616-BC8D-FCD1C8C604B7}.Release|x86.ActiveCfg = Release|Win32
		{A8D54E91-C42C-4616-BC8D-FCD1C8C604B7}.Release|x86.Build.0 = Release|Win32
		{A4FC2CE3-C511-48F0-AEF0-BACA033D49E2}.Debug|x64.ActiveCfg = Debug|x64
		{A4FC2CE3-C511-48F0-AEF0-BACA033D49E2}.Debug|x64.Build.0 = Debug|x64
		{A4FC2CE3-C511-48F0-AEF0-BACA033D49E2}.Debug|x86.ActiveCfg = Debug|Win32
		{A4FC2CE3-C511-48F0-AEF0-BACA033D49E2}.Debug|x86.Build.0 = Debug|Win32
		{A4FC2CE3-C511-48F0-AEF0-BACA033D49E2}.Release|x64.ActiveCfg = Release|x64
		{A4FC2CE3-C511-48F0-AEF0-BACA033D49E2}.Release|x64.Build.0 = Release|x64
		{A4FC2CE3-C511-48F0-AEF0-BACA033D49E2}.Release|x86.ActiveCfg = Release|Win32
		{A4FC2CE3-C511-48F0-AEF0-BACA033D49E2}.Release|x86.Build.0 = Release|Win32
		{4C9BACAD-AF5F-40AD-8E4D-D7CD8CF928D7}.Debug|x64.ActiveCfg = Debug|x64
		{4C9BACAD-AF5F-40AD-8E4D-D7CD8CF928D7}.Debug|x64.Build.0 = Debug|x64
		{4C9BACAD-AF5F-40AD-8E4D-D7CD8CF928D7}.Debug|x86.ActiveCfg = Debug|Win32
		{4C9BACAD-AF5F-40AD-8E4D-D7CD8CF928D7}.Debug|x86.Build.0 = Debug|Win32
		{4C9BACAD-AF5F-40AD-8E4D-D7CD8CF928D7}.Release|x64.ActiveCfg = Release|x64
		{4C9BACAD-AF5F-40AD-8E4D-D7CD8CF928D7}.Release|x64.Build.0 = Release|x64
		{4C9BACAD-AF5F-40AD-8E4D-D7CD8CF928D7}.Release|x86.ActiveCfg = Release|Win32
		{4C9BACAD-AF5F-40AD-8E4D-D7CD8CF928D7}.Release|x86.Build.0 = Release|Win32
		{1FD3534B-9968-40F1-9F0D-87C633DE9E4B}.Debug|x64.ActiveCfg = Debug|x64
		{1FD3534B-9968-40F1-9F0D-87C633DE9E4B}.Debug|x64.Build.0 = Debug|x64
		{1FD3534B-9968-40F1-9F0D-87C633DE9E4B}.Debug|x86.ActiveCfg = Debug|Win32
		{1FD3534B-9968-40F1-9F0D-87C633DE9E4B}.Debug|x86.Build.0 = Debug|Win32
		{1FD3534B-9968-40F1-9F0D-87C633DE9E4B}.Release|x64.ActiveCfg = Release|x64
		{1FD3534B-9968-40F1-9F0D-87C633DE9E4B}.Release|x64.Build.0 = Release|x64
		{1FD3534B-9968-40F1-9F0D-87C633DE9E4B}.Release|x86.ActiveCfg = Release|Win32
		{1FD3534B-9968-40F1-9F0D-87C633DE9E4B}.Release|x86.Build.0 = Release|Win32
		{355874E5-BC18-4EC8-B3B5-824CC94313ED}.Debug|x64.ActiveCfg = Debug|x64
		{355874E5-BC18-4EC8-B3B5-824CC94313ED}.Debug|x64.Build.0 = Debug|x64
		{355874E5-BC18-4EC8-B3B5-824CC94313ED}.Debug|x86.ActiveCfg = Debug|Win32
		{355874E5-BC18-4EC8-B3B5-824CC94313ED}.Debug|x86.Build.0 = Debug|Win32
		{355874E5-BC18-4EC8-B3B5-824CC94313ED}.Release|x64.ActiveCfg = Release|x64
		{355874E5-BC18-4EC8-B3B5-824CC94313ED}.Release|x64.Build.0 = Release|x64
		{355874E5-BC18-4EC8-B3B5-824CC94313ED}.Release|x86.ActiveCfg = Release|Win32
		{355874E5-BC18-4EC8-B3B5-824CC94313ED}.Release|x86.Build.0 = Release|Win32
		{C8EA7228-D898-4600-ACA9-9DBFB53455B8}.Debug|x64.ActiveCfg = Debug|x64
		{C8EA7228-D898-4600-ACA9-9DBFB53455B8}.Debug|x64.Build.0 = Debug|x64
		{C8EA7228-D898-4600-ACA9-9DBFB53455B8}.Debug|x86.ActiveCfg = Debug|Win32
		{C8EA7228-D898-4600-ACA9-9DBFB53455B8}.Debug|x86.Build.0 = Debug|Win32
		{C8EA7228-D898-4600-ACA9-9DBFB53455B8}.Release|x64.ActiveCfg = Release|x64
		{C8EA7228-D898-4600-ACA9-9DBFB53455B8}.Release|x64.Build.0 = Release|x64
		{C8EA7228-D898-4600-ACA9-9DBFB53455B8}.Release|x86.ActiveCfg = Release|Win32
		{C8EA7228-D898-4600-ACA9-9DBFB53455B8}.Release|x86.Build.0 = Release|Win32
		{F2E9C8EB-C53C-4F52-A96E-490C827E8B3C}.Debug|x64.ActiveCfg = Debug|x64
		{F2E9C8EB-C53C-4F52-A96E-490C827E8B3C}.Debug|x64.Build.0 = Debug|x64
		{F2E9C8EB-C53C-4F52-A96E-490C827E8B3C}.Debug|x86.ActiveCfg = Debug|Win32
		{F2E9C8EB-C53C-4F52-A96E-490C827E8B3C}.Debug|x86.Build.0 = Debug|Win32
		{F2E9C8EB-C53C-4F52-A96E-490C827E8B3C}.Release|x64.ActiveCfg = Release|x64
		{F2E9C8EB-C53C-4F52-A96E-490C827E8B3C}.Release|x64.Build.0 = Release|x64
		{F2E9C8EB-C53C-4F52-A96E-490C827E8B3C}.Release|x86.ActiveCfg = Release|Win32
		{F2E9C8EB-C53C-4F52-A96E-490C827E8B3C}.Release|x86.Build.0 = Release|Win32
		{228BC1DD-B09C-427D-8EBD-5B9CDA8242FB}.Debug|x64.ActiveCfg = Debug|x64
		{228BC1DD-B09C-427D-8EBD-5B9CDA8242FB}.Debug|x64.Build.0 = Debug|x64
		{228BC1DD-B09C-427D-8EBD-5B9CDA8242FB}.Debug|x86.ActiveCfg = Debug|Win32
		{228BC1DD-B09C-427D-8EBD-5B9CDA8242FB}.Debug|x86.Build.0 = Debug|Win32
		{228BC1DD-B09C-427D-8EBD-5B9CDA8242FB}.Release|x64.ActiveCfg = Release|x64
		{228BC1DD-B09C-427D-8EBD-5B9CDA8242FB}.Release|x64.Build.0 = Release|x64
		{228BC1DD-B09C-427D-8EBD-5B9CDA8242FB}.Release|x86.ActiveCfg = Release|Win32
		{228BC1DD-B09C-427D-8EBD-5B9CDA8242FB}.Release|x86.Build.0 = Release|Win32
		{1BBE3158-0CB7-4DE3-B0CA-118C77F0CC10}.Debug|x64.ActiveCfg = Debug|x64
		{1BBE3158-0CB7-4DE3-B0CA-118C77F0CC10}.Debug|x64.Build.0 = Debug|x64
		{1BBE3158-0CB7-4DE3-B0CA-118C77F0CC10}.Debug|x86.ActiveCfg = Debug|Win32
		{1BBE3158-0CB7-4DE3-B0CA-118C77F0CC10}.Debug|x86.Build.0 = Debug|Win32
		{1BBE3158-0CB7-4DE3-B0CA-118C77F0CC10}.Release|x64.ActiveCfg = Release|x64
		{1BBE3158-0CB7-4DE3-B0CA-118C77F0CC10}.Release|x64.Build.0 = Release|x64
		{1BBE3158-0CB7-4DE3-B0CA-118C77F0CC10}.Release|x86.ActiveCfg = Release|Win32
		{1BBE3158-0CB7-4DE3-B0CA-118C77F0CC10}.Release|x86.Build.0 = Release|Win32
		{336DFE2B-1015-4B3B-8EDD-E04400BDE0B8}.Debug|x64.ActiveCfg = Debug|x64
		{336DFE2B-1015-4B3B-8EDD-E04400BDE0B8}.Debug|x64.Build.0 = Debug|x64
		{336DFE2B-1015-4B3B-8EDD-E04400BDE0B8}.Debug|x86.ActiveCfg = Debug|Win32
		{336DFE2B-1015-4B3B-8EDD-E04400BDE0B8}.Debug|x86.Build.0 = Debug|Win32
		{336DFE2B-1015-4B3B-8EDD-E04400BDE0B8}.Release|x64.ActiveCfg = Release|x64
		{336DFE2B-1015-4B3B-8EDD-E04400BDE0B8}.Release|x64.Build.0 = Release|x64
		{336DFE2B-1015-4B3B-8EDD-E04400BDE0B8}.Release|x86.ActiveCfg = Release|Win32
		{336DFE2B-1015-4B3B-8EDD-E04400BDE0B8}.Release|x86.Build.0 = Release|Win32
		{75E57C4B-32D6-4B8D-AF1B-8ACB98F60606}.Debug|x64.ActiveCfg = Debug|x64
		{75E57C4B-32D6-4B8D-AF1B-8ACB98F60606}.Debug|x64.Build.0 = Debug|x64
		{75E57C4B-32D6-4B8D-AF1B-8ACB98F60606}.Debug|x86.ActiveCfg = Debug|Win32
		{75E57C4B-32D6-4B8D-AF1B-8ACB98F60606}.Debug|x86.Build.0 = Debug|Win32
		{75E57C4B-32D6-4B8D-AF1B-8ACB98F60606}.Release|x64.ActiveCfg = Release|x64
		{75E57C4B-32D6-4B8D-AF1B-8ACB98F60606}.Release|x64.Build.0 = Release|x64
		{75E57C4B-32D6-4B8D-AF1B-8ACB98F60606}.Release|x86.ActiveCfg = Release|Win32
		{75E57C4B-32D6-4B8D-AF1B-8ACB98F60606}.Release|x86.Build.0 = Release|Win32
		{CCA88E1E-ACEE-402E-8A87-7027326F6CD1}.Debug|x64.ActiveCfg = Debug|x64
		{CCA88E1E-ACEE-402E-8A87-7027326F6CD1}.Debug|x64.Build.0 = Debug|x64
		{CCA88E1E-ACEE-402E-8A87-7027326F6CD1}.Debug|x86.ActiveCfg = Debug|Win32
		{CCA88E1E-ACEE-402E-8A87-7027326F6CD1}.Debug|x86.Build.0 = Debug|Win32
		{CCA88E1E-ACEE-402E-8A87-7027326F6CD1}.Release|x64.ActiveCfg = Release|x64
		{CCA88E1E-ACEE-402E-8A87-7027326F6CD1}.Release|x64.Build.0 = Release|x64
		{CCA88E1E-ACEE-402E-8A87-7027326F6CD1}.Release|x86.ActiveCfg = Release|Win32
		{CCA88E1E-ACEE-402E-8A87-7027326F6CD1}.Release|x86.Build.0 = Release|Win32
		{ADDFB50C-E068-4F72-BEF2-B0F2F8F51FB6}.Debug|x64.ActiveCfg = Debug|x64
		{ADDFB50C-E068-4F72-BEF2-B0F2F8F51FB6}.Debug|x64.Build.0 = Debug|x64
		{ADDFB50C-E068-4F72-BEF2-B0F2F8F51FB6}.Debug|x86.ActiveCfg = Debug|Win32
		{ADDFB50C-E068-4F72-BEF2-B0F2F8F51FB6}.Debug|x86.Build.0 = Debug|Win32
		{ADDFB50C-E068-4F72-BEF2-B0F2F8F51FB6}.Release|x64.ActiveCfg = Release|x64
		{ADDFB50C-E068-4F72-BEF2-B0F2F8F51FB6}.Release|x64.Build.0 = Release|x64
		{ADDFB50C-E068-4F72-BEF2-B0F2F8F51FB6}.Release|x86.ActiveCfg = Release|Win32
		{ADDFB50C-E068-4F72-BEF2-B0F2F8F51FB6}.Release|x86.Build.0 = Release|Win32
	EndGlobalSection
	GlobalSection(SolutionProperties) = preSolution
		HideSolutionNode = FALSE
	EndGlobalSection
	GlobalSection(NestedProjects) = preSolution
		{DCB03A9F-6082-4C2F-93BE-DE1DEED48756} = {472AFF9B-7F22-4186-A6F5-E9774F0FAEC2}
		{259EC514-78DF-410A-BC8F-37A24396F59B} = {6180E1B9-4347-4508-942E-7240BAF0DB83}
		{9F31E6C5-D740-4319-A1BE-AC98C4EDA470} = {6180E1B9-4347-4508-942E-7240BAF0DB83}
		{7B5BF8FF-11F2-4A54-B257-23AB80E7FDE9} = {40078673-9907-4886-9E80-D4C45BA964CC}
		{A7C3445E-2EC2-42BF-A167-DA9D7DED7066} = {40078673-9907-4886-9E80-D4C45BA964CC}
		{E296B884-991D-430F-9866-E12291B37960} = {40078673-9907-4886-9E80-D4C45BA964CC}
		{CF245805-873A-4333-89D8-4639585174CC} = {77E27C67-B9E7-466C-9CC5-691678E0C479}
		{7DA59038-B1EE-4BC2-9188-F2367D5EBA1C} = {77E27C67-B9E7-466C-9CC5-691678E0C479}
		{F692830B-2CBB-4BFD-9660-C92AAF153CDF} = {77E27C67-B9E7-466C-9CC5-691678E0C479}
		{9EE70B4C-2248-497F-B6D6-BF146A85AE46} = {AA0D7794-99EB-4E51-8FA4-C73FD14D4DFF}
		{3CF30BA2-F695-40A1-9573-73BCABC0E568} = {AA0D7794-99EB-4E51-8FA4-C73FD14D4DFF}
		{5C5C358C-F448-4D74-8381-360EB8F9496F} = {AA0D7794-99EB-4E51-8FA4-C73FD14D4DFF}
		{498CF144-37AC-4D12-AD38-C96E542023B9} = {AA0D7794-99EB-4E51-8FA4-C73FD14D4DFF}
		{2C559C07-81D9-4ABA-B552-0A0E283AB8D1} = {386051C6-D4CA-4BFE-9E95-046377213B57}
		{2232838D-9C09-43C8-BFB4-983081C9BAC1} = {386051C6-D4CA-4BFE-9E95-046377213B57}
		{A8D54E91-C42C-4616-BC8D-FCD1C8C604B7} = {386051C6-D4CA-4BFE-9E95-046377213B57}
		{A4FC2CE3-C511-48F0-AEF0-BACA033D49E2} = {1F17B87E-E5F1-4DBD-8B1D-50077B477E8C}
		{4C9BACAD-AF5F-40AD-8E4D-D7CD8CF928D7} = {1F17B87E-E5F1-4DBD-8B1D-50077B477E8C}
		{1FD3534B-9968-40F1-9F0D-87C633DE9E4B} = {1F17B87E-E5F1-4DBD-8B1D-50077B477E8C}
		{386051C6-D4CA-4BFE-9E95-046377213B57} = {B021BE86-3E46-44D6-B780-758ECD0A3E74}
		{1F17B87E-E5F1-4DBD-8B1D-50077B477E8C} = {B021BE86-3E46-44D6-B780-758ECD0A3E74}
		{472AFF9B-7F22-4186-A6F5-E9774F0FAEC2} = {AA56E120-6A38-4739-A608-42860A7DE8D5}
		{A91F4AF0-EEAC-4932-BC69-4C0EA91FE204} = {E0670449-196B-4EA7-BF06-FEA9E029FD2E}
		{6180E1B9-4347-4508-942E-7240BAF0DB83} = {E0670449-196B-4EA7-BF06-FEA9E029FD2E}
		{40078673-9907-4886-9E80-D4C45BA964CC} = {E0670449-196B-4EA7-BF06-FEA9E029FD2E}
		{77E27C67-B9E7-466C-9CC5-691678E0C479} = {E0670449-196B-4EA7-BF06-FEA9E029FD2E}
		{AA0D7794-99EB-4E51-8FA4-C73FD14D4DFF} = {E0670449-196B-4EA7-BF06-FEA9E029FD2E}
		{C8FF1701-3D85-454D-8D0E-FAE75EF2C097} = {B021BE86-3E46-44D6-B780-758ECD0A3E74}
		{355874E5-BC18-4EC8-B3B5-824CC94313ED} = {C8FF1701-3D85-454D-8D0E-FAE75EF2C097}
		{C8EA7228-D898-4600-ACA9-9DBFB53455B8} = {A91F4AF0-EEAC-4932-BC69-4C0EA91FE204}
		{F2E9C8EB-C53C-4F52-A96E-490C827E8B3C} = {A91F4AF0-EEAC-4932-BC69-4C0EA91FE204}
		{228BC1DD-B09C-427D-8EBD-5B9CDA8242FB} = {C8FF1701-3D85-454D-8D0E-FAE75EF2C097}
		{1BBE3158-0CB7-4DE3-B0CA-118C77F0CC10} = {D1B19279-9294-4C4F-8DCD-921BC014334F}
		{336DFE2B-1015-4B3B-8EDD-E04400BDE0B8} = {D2EF0398-8D26-4C62-8189-0D4F264F1DA6}
		{D1B19279-9294-4C4F-8DCD-921BC014334F} = {D2EF0398-8D26-4C62-8189-0D4F264F1DA6}
		{75E57C4B-32D6-4B8D-AF1B-8ACB98F60606} = {C8FF1701-3D85-454D-8D0E-FAE75EF2C097}
		{B5B479E6-EE95-4A41-979D-B20AF224D85B} = {B021BE86-3E46-44D6-B780-758ECD0A3E74}
		{CCA88E1E-ACEE-402E-8A87-7027326F6CD1} = {B5B479E6-EE95-4A41-979D-B20AF224D85B}
		{ADDFB50C-E068-4F72-BEF2-B0F2F8F51FB6} = {B5B479E6-EE95-4A41-979D-B20AF224D85B}
	EndGlobalSection
	GlobalSection(ExtensibilityGlobals) = postSolution
		SolutionGuid = {85D7AD4C-141C-4A58-9893-89251385B4BE}
	EndGlobalSection
EndGlobal
