
Microsoft Visual Studio Solution File, Format Version 12.00
# Visual Studio Version 16
VisualStudioVersion = 16.0.31410.357
MinimumVisualStudioVersion = 10.0.40219.1
Project("{8BC9CEB8-8B4A-11D0-8D11-00A0C91BC942}") = "2014-December-Silver-1", "..\2014-Silver-1\2014-Silver-1.vcxproj", "{FB99C16B-E44A-417A-85D2-4CBA9B7C341D}"
EndProject
Project("{8BC9CEB8-8B4A-11D0-8D11-00A0C91BC942}") = "Header", "..\Header\Header.vcxproj", "{2B3EA23C-375E-4896-8B38-B10888E097F7}"
EndProject
Project("{8BC9CEB8-8B4A-11D0-8D11-00A0C91BC942}") = "2014-December-Silver-2", "2014-Silver-2\2014-Silver-2.vcxproj", "{0EC33B88-9D4E-49B7-9D86-981671C77D8D}"
EndProject
Project("{8BC9CEB8-8B4A-11D0-8D11-00A0C91BC942}") = "2014-December-Silver-3", "2014-Silver-3\2014-Silver-3.vcxproj", "{D568FF74-BA16-47E8-A8D1-16B0D1A1114A}"
EndProject
Project("{8BC9CEB8-8B4A-11D0-8D11-00A0C91BC942}") = "2014-December-Gold-1", "2014-December-Gold-1\2014-December-Gold-1.vcxproj", "{DCB03A9F-6082-4C2F-93BE-DE1DEED48756}"
EndProject
Project("{8BC9CEB8-8B4A-11D0-8D11-00A0C91BC942}") = "2015-January-Silver-1", "2015-January-Silver-1\2015-January-Silver-1.vcxproj", "{259EC514-78DF-410A-BC8F-37A24396F59B}"
EndProject
Project("{8BC9CEB8-8B4A-11D0-8D11-00A0C91BC942}") = "2015-January-Silver-2", "2015-January-Silver-2\2015-January-Silver-2.vcxproj", "{9F31E6C5-D740-4319-A1BE-AC98C4EDA470}"
EndProject
Project("{8BC9CEB8-8B4A-11D0-8D11-00A0C91BC942}") = "2019-December-Silver-1", "2019-December-Silver-1\2019-December-Silver-1.vcxproj", "{7B5BF8FF-11F2-4A54-B257-23AB80E7FDE9}"
EndProject
Project("{8BC9CEB8-8B4A-11D0-8D11-00A0C91BC942}") = "2019-December-Silver-2", "2019-December-Silver-2\2019-December-Silver-2.vcxproj", "{A7C3445E-2EC2-42BF-A167-DA9D7DED7066}"
EndProject
Project("{8BC9CEB8-8B4A-11D0-8D11-00A0C91BC942}") = "2019-December-Silver-3", "2019-December-Silver-3\2019-December-Silver-3.vcxproj", "{E296B884-991D-430F-9866-E12291B37960}"
EndProject
Global
	GlobalSection(SolutionConfigurationPlatforms) = preSolution
		Debug|x64 = Debug|x64
		Debug|x86 = Debug|x86
		Release|x64 = Release|x64
		Release|x86 = Release|x86
	EndGlobalSection
	GlobalSection(ProjectConfigurationPlatforms) = postSolution
		{FB99C16B-E44A-417A-85D2-4CBA9B7C341D}.Debug|x64.ActiveCfg = Debug|x64
		{FB99C16B-E44A-417A-85D2-4CBA9B7C341D}.Debug|x64.Build.0 = Debug|x64
		{FB99C16B-E44A-417A-85D2-4CBA9B7C341D}.Debug|x86.ActiveCfg = Debug|Win32
		{FB99C16B-E44A-417A-85D2-4CBA9B7C341D}.Debug|x86.Build.0 = Debug|Win32
		{FB99C16B-E44A-417A-85D2-4CBA9B7C341D}.Release|x64.ActiveCfg = Release|x64
		{FB99C16B-E44A-417A-85D2-4CBA9B7C341D}.Release|x64.Build.0 = Release|x64
		{FB99C16B-E44A-417A-85D2-4CBA9B7C341D}.Release|x86.ActiveCfg = Release|Win32
		{FB99C16B-E44A-417A-85D2-4CBA9B7C341D}.Release|x86.Build.0 = Release|Win32
		{2B3EA23C-375E-4896-8B38-B10888E097F7}.Debug|x64.ActiveCfg = Debug|x64
		{2B3EA23C-375E-4896-8B38-B10888E097F7}.Debug|x64.Build.0 = Debug|x64
		{2B3EA23C-375E-4896-8B38-B10888E097F7}.Debug|x86.ActiveCfg = Debug|Win32
		{2B3EA23C-375E-4896-8B38-B10888E097F7}.Debug|x86.Build.0 = Debug|Win32
		{2B3EA23C-375E-4896-8B38-B10888E097F7}.Release|x64.ActiveCfg = Release|x64
		{2B3EA23C-375E-4896-8B38-B10888E097F7}.Release|x64.Build.0 = Release|x64
		{2B3EA23C-375E-4896-8B38-B10888E097F7}.Release|x86.ActiveCfg = Release|Win32
		{2B3EA23C-375E-4896-8B38-B10888E097F7}.Release|x86.Build.0 = Release|Win32
		{0EC33B88-9D4E-49B7-9D86-981671C77D8D}.Debug|x64.ActiveCfg = Debug|x64
		{0EC33B88-9D4E-49B7-9D86-981671C77D8D}.Debug|x64.Build.0 = Debug|x64
		{0EC33B88-9D4E-49B7-9D86-981671C77D8D}.Debug|x86.ActiveCfg = Debug|Win32
		{0EC33B88-9D4E-49B7-9D86-981671C77D8D}.Debug|x86.Build.0 = Debug|Win32
		{0EC33B88-9D4E-49B7-9D86-981671C77D8D}.Release|x64.ActiveCfg = Release|x64
		{0EC33B88-9D4E-49B7-9D86-981671C77D8D}.Release|x64.Build.0 = Release|x64
		{0EC33B88-9D4E-49B7-9D86-981671C77D8D}.Release|x86.ActiveCfg = Release|Win32
		{0EC33B88-9D4E-49B7-9D86-981671C77D8D}.Release|x86.Build.0 = Release|Win32
		{D568FF74-BA16-47E8-A8D1-16B0D1A1114A}.Debug|x64.ActiveCfg = Debug|x64
		{D568FF74-BA16-47E8-A8D1-16B0D1A1114A}.Debug|x64.Build.0 = Debug|x64
		{D568FF74-BA16-47E8-A8D1-16B0D1A1114A}.Debug|x86.ActiveCfg = Debug|Win32
		{D568FF74-BA16-47E8-A8D1-16B0D1A1114A}.Debug|x86.Build.0 = Debug|Win32
		{D568FF74-BA16-47E8-A8D1-16B0D1A1114A}.Release|x64.ActiveCfg = Release|x64
		{D568FF74-BA16-47E8-A8D1-16B0D1A1114A}.Release|x64.Build.0 = Release|x64
		{D568FF74-BA16-47E8-A8D1-16B0D1A1114A}.Release|x86.ActiveCfg = Release|Win32
		{D568FF74-BA16-47E8-A8D1-16B0D1A1114A}.Release|x86.Build.0 = Release|Win32
		{DCB03A9F-6082-4C2F-93BE-DE1DEED48756}.Debug|x64.ActiveCfg = Debug|x64
		{DCB03A9F-6082-4C2F-93BE-DE1DEED48756}.Debug|x64.Build.0 = Debug|x64
		{DCB03A9F-6082-4C2F-93BE-DE1DEED48756}.Debug|x86.ActiveCfg = Debug|Win32
		{DCB03A9F-6082-4C2F-93BE-DE1DEED48756}.Debug|x86.Build.0 = Debug|Win32
		{DCB03A9F-6082-4C2F-93BE-DE1DEED48756}.Release|x64.ActiveCfg = Release|x64
		{DCB03A9F-6082-4C2F-93BE-DE1DEED48756}.Release|x64.Build.0 = Release|x64
		{DCB03A9F-6082-4C2F-93BE-DE1DEED48756}.Release|x86.ActiveCfg = Release|Win32
		{DCB03A9F-6082-4C2F-93BE-DE1DEED48756}.Release|x86.Build.0 = Release|Win32
		{259EC514-78DF-410A-BC8F-37A24396F59B}.Debug|x64.ActiveCfg = Debug|x64
		{259EC514-78DF-410A-BC8F-37A24396F59B}.Debug|x64.Build.0 = Debug|x64
		{259EC514-78DF-410A-BC8F-37A24396F59B}.Debug|x86.ActiveCfg = Debug|Win32
		{259EC514-78DF-410A-BC8F-37A24396F59B}.Debug|x86.Build.0 = Debug|Win32
		{259EC514-78DF-410A-BC8F-37A24396F59B}.Release|x64.ActiveCfg = Release|x64
		{259EC514-78DF-410A-BC8F-37A24396F59B}.Release|x64.Build.0 = Release|x64
		{259EC514-78DF-410A-BC8F-37A24396F59B}.Release|x86.ActiveCfg = Release|Win32
		{259EC514-78DF-410A-BC8F-37A24396F59B}.Release|x86.Build.0 = Release|Win32
		{9F31E6C5-D740-4319-A1BE-AC98C4EDA470}.Debug|x64.ActiveCfg = Debug|x64
		{9F31E6C5-D740-4319-A1BE-AC98C4EDA470}.Debug|x64.Build.0 = Debug|x64
		{9F31E6C5-D740-4319-A1BE-AC98C4EDA470}.Debug|x86.ActiveCfg = Debug|Win32
		{9F31E6C5-D740-4319-A1BE-AC98C4EDA470}.Debug|x86.Build.0 = Debug|Win32
		{9F31E6C5-D740-4319-A1BE-AC98C4EDA470}.Release|x64.ActiveCfg = Release|x64
		{9F31E6C5-D740-4319-A1BE-AC98C4EDA470}.Release|x64.Build.0 = Release|x64
		{9F31E6C5-D740-4319-A1BE-AC98C4EDA470}.Release|x86.ActiveCfg = Release|Win32
		{9F31E6C5-D740-4319-A1BE-AC98C4EDA470}.Release|x86.Build.0 = Release|Win32
		{7B5BF8FF-11F2-4A54-B257-23AB80E7FDE9}.Debug|x64.ActiveCfg = Debug|x64
		{7B5BF8FF-11F2-4A54-B257-23AB80E7FDE9}.Debug|x64.Build.0 = Debug|x64
		{7B5BF8FF-11F2-4A54-B257-23AB80E7FDE9}.Debug|x86.ActiveCfg = Debug|Win32
		{7B5BF8FF-11F2-4A54-B257-23AB80E7FDE9}.Debug|x86.Build.0 = Debug|Win32
		{7B5BF8FF-11F2-4A54-B257-23AB80E7FDE9}.Release|x64.ActiveCfg = Release|x64
		{7B5BF8FF-11F2-4A54-B257-23AB80E7FDE9}.Release|x64.Build.0 = Release|x64
		{7B5BF8FF-11F2-4A54-B257-23AB80E7FDE9}.Release|x86.ActiveCfg = Release|Win32
		{7B5BF8FF-11F2-4A54-B257-23AB80E7FDE9}.Release|x86.Build.0 = Release|Win32
		{A7C3445E-2EC2-42BF-A167-DA9D7DED7066}.Debug|x64.ActiveCfg = Debug|x64
		{A7C3445E-2EC2-42BF-A167-DA9D7DED7066}.Debug|x64.Build.0 = Debug|x64
		{A7C3445E-2EC2-42BF-A167-DA9D7DED7066}.Debug|x86.ActiveCfg = Debug|Win32
		{A7C3445E-2EC2-42BF-A167-DA9D7DED7066}.Debug|x86.Build.0 = Debug|Win32
		{A7C3445E-2EC2-42BF-A167-DA9D7DED7066}.Release|x64.ActiveCfg = Release|x64
		{A7C3445E-2EC2-42BF-A167-DA9D7DED7066}.Release|x64.Build.0 = Release|x64
		{A7C3445E-2EC2-42BF-A167-DA9D7DED7066}.Release|x86.ActiveCfg = Release|Win32
		{A7C3445E-2EC2-42BF-A167-DA9D7DED7066}.Release|x86.Build.0 = Release|Win32
		{E296B884-991D-430F-9866-E12291B37960}.Debug|x64.ActiveCfg = Debug|x64
		{E296B884-991D-430F-9866-E12291B37960}.Debug|x64.Build.0 = Debug|x64
		{E296B884-991D-430F-9866-E12291B37960}.Debug|x86.ActiveCfg = Debug|Win32
		{E296B884-991D-430F-9866-E12291B37960}.Debug|x86.Build.0 = Debug|Win32
		{E296B884-991D-430F-9866-E12291B37960}.Release|x64.ActiveCfg = Release|x64
		{E296B884-991D-430F-9866-E12291B37960}.Release|x64.Build.0 = Release|x64
		{E296B884-991D-430F-9866-E12291B37960}.Release|x86.ActiveCfg = Release|Win32
		{E296B884-991D-430F-9866-E12291B37960}.Release|x86.Build.0 = Release|Win32
	EndGlobalSection
	GlobalSection(SolutionProperties) = preSolution
		HideSolutionNode = FALSE
	EndGlobalSection
	GlobalSection(ExtensibilityGlobals) = postSolution
		SolutionGuid = {85D7AD4C-141C-4A58-9893-89251385B4BE}
	EndGlobalSection
EndGlobal
